
Microsoft Visual Studio Solution File, Format Version 12.00
# Visual Studio Version 17
VisualStudioVersion = 17.9.34728.123
MinimumVisualStudioVersion = 10.0.40219.1
Project("{FAE04EC0-301F-11D3-BF4B-00C04F79EFBC}") = "TikiTakGame", "TikiTakGame\TikiTakGame.csproj", "{2DD3E1DF-F04B-4252-9C7C-8DDB959A8714}"
EndProject
Global
	GlobalSection(SolutionConfigurationPlatforms) = preSolution
		Debug|Any CPU = Debug|Any CPU
		Release|Any CPU = Release|Any CPU
	EndGlobalSection
	GlobalSection(ProjectConfigurationPlatforms) = postSolution
		{2DD3E1DF-F04B-4252-9C7C-8DDB959A8714}.Debug|Any CPU.ActiveCfg = Debug|Any CPU
		{2DD3E1DF-F04B-4252-9C7C-8DDB959A8714}.Debug|Any CPU.Build.0 = Debug|Any CPU
		{2DD3E1DF-F04B-4252-9C7C-8DDB959A8714}.Release|Any CPU.ActiveCfg = Release|Any CPU
		{2DD3E1DF-F04B-4252-9C7C-8DDB959A8714}.Release|Any CPU.Build.0 = Release|Any CPU
	EndGlobalSection
	GlobalSection(SolutionProperties) = preSolution
		HideSolutionNode = FALSE
	EndGlobalSection
	GlobalSection(ExtensibilityGlobals) = postSolution
		SolutionGuid = {29E280F5-A685-4F70-ADF6-8EEEB40B4783}
	EndGlobalSection
EndGlobal
